
Microsoft Visual Studio Solution File, Format Version 12.00
# Visual Studio Version 17
VisualStudioVersion = 17.12.35309.182
MinimumVisualStudioVersion = 10.0.40219.1
Project("{FAE04EC0-301F-11D3-BF4B-00C04F79EFBC}") = "PrimitiveReference", "PrimitiveReference\PrimitiveReference.csproj", "{C9E38B72-1CE6-42EF-B1D8-4E13727790E7}"
EndProject
Global
	GlobalSection(SolutionConfigurationPlatforms) = preSolution
		Debug|Any CPU = Debug|Any CPU
		Release|Any CPU = Release|Any CPU
	EndGlobalSection
	GlobalSection(ProjectConfigurationPlatforms) = postSolution
		{C9E38B72-1CE6-42EF-B1D8-4E13727790E7}.Debug|Any CPU.ActiveCfg = Debug|Any CPU
		{C9E38B72-1CE6-42EF-B1D8-4E13727790E7}.Debug|Any CPU.Build.0 = Debug|Any CPU
		{C9E38B72-1CE6-42EF-B1D8-4E13727790E7}.Release|Any CPU.ActiveCfg = Release|Any CPU
		{C9E38B72-1CE6-42EF-B1D8-4E13727790E7}.Release|Any CPU.Build.0 = Release|Any CPU
	EndGlobalSection
	GlobalSection(SolutionProperties) = preSolution
		HideSolutionNode = FALSE
	EndGlobalSection
	GlobalSection(ExtensibilityGlobals) = postSolution
		SolutionGuid = {4651C3B2-A902-417B-A878-68E905BC768E}
	EndGlobalSection
EndGlobal
